
Microsoft Visual Studio Solution File, Format Version 12.00
# Visual Studio Version 17
VisualStudioVersion = 17.7.34009.444
MinimumVisualStudioVersion = 10.0.40219.1
Project("{FAE04EC0-301F-11D3-BF4B-00C04F79EFBC}") = "Cdek.Calculator", "Cdek.Calculator\Cdek.Calculator.csproj", "{B23603BF-8524-4D92-A450-B63E6FD7DD72}"
EndProject
Project("{FAE04EC0-301F-11D3-BF4B-00C04F79EFBC}") = "Cdek.Application", "Cdek.Application\Cdek.Application.csproj", "{6EE22AF7-4167-4CD0-981C-9D786381D64B}"
EndProject
Global
	GlobalSection(SolutionConfigurationPlatforms) = preSolution
		Debug|Any CPU = Debug|Any CPU
		Release|Any CPU = Release|Any CPU
	EndGlobalSection
	GlobalSection(ProjectConfigurationPlatforms) = postSolution
		{B23603BF-8524-4D92-A450-B63E6FD7DD72}.Debug|Any CPU.ActiveCfg = Debug|Any CPU
		{B23603BF-8524-4D92-A450-B63E6FD7DD72}.Debug|Any CPU.Build.0 = Debug|Any CPU
		{B23603BF-8524-4D92-A450-B63E6FD7DD72}.Release|Any CPU.ActiveCfg = Release|Any CPU
		{B23603BF-8524-4D92-A450-B63E6FD7DD72}.Release|Any CPU.Build.0 = Release|Any CPU
		{6EE22AF7-4167-4CD0-981C-9D786381D64B}.Debug|Any CPU.ActiveCfg = Debug|Any CPU
		{6EE22AF7-4167-4CD0-981C-9D786381D64B}.Debug|Any CPU.Build.0 = Debug|Any CPU
		{6EE22AF7-4167-4CD0-981C-9D786381D64B}.Release|Any CPU.ActiveCfg = Release|Any CPU
		{6EE22AF7-4167-4CD0-981C-9D786381D64B}.Release|Any CPU.Build.0 = Release|Any CPU
	EndGlobalSection
	GlobalSection(SolutionProperties) = preSolution
		HideSolutionNode = FALSE
	EndGlobalSection
	GlobalSection(ExtensibilityGlobals) = postSolution
		SolutionGuid = {99DF00A9-948C-4F04-A03E-0A6680DD70FB}
	EndGlobalSection
EndGlobal
